
Microsoft Visual Studio Solution File, Format Version 12.00
# Visual Studio Version 17
VisualStudioVersion = 17.13.35919.96 d17.13
MinimumVisualStudioVersion = 10.0.40219.1
Project("{888888A0-9F3D-457C-B088-3A5042F75D52}") = "BottleWebProject_C222_C221K_7_BKSV", "BottleWebProject_C222_C221K_7_BKSV.pyproj", "{B8BFF894-4647-4685-A532-8C2FCE33A15B}"
EndProject
Global
	GlobalSection(SolutionConfigurationPlatforms) = preSolution
		Debug|Any CPU = Debug|Any CPU
		Release|Any CPU = Release|Any CPU
	EndGlobalSection
	GlobalSection(ProjectConfigurationPlatforms) = postSolution
		{B8BFF894-4647-4685-A532-8C2FCE33A15B}.Debug|Any CPU.ActiveCfg = Debug|Any CPU
		{B8BFF894-4647-4685-A532-8C2FCE33A15B}.Debug|Any CPU.Build.0 = Debug|Any CPU
		{B8BFF894-4647-4685-A532-8C2FCE33A15B}.Release|Any CPU.ActiveCfg = Release|Any CPU
		{B8BFF894-4647-4685-A532-8C2FCE33A15B}.Release|Any CPU.Build.0 = Release|Any CPU
	EndGlobalSection
	GlobalSection(SolutionProperties) = preSolution
		HideSolutionNode = FALSE
	EndGlobalSection
	GlobalSection(ExtensibilityGlobals) = postSolution
		SolutionGuid = {0750685A-D5A0-4E99-9E21-7F6903247CD5}
	EndGlobalSection
EndGlobal
